
Microsoft Visual Studio Solution File, Format Version 12.00
# Visual Studio Version 16
VisualStudioVersion = 16.0.31424.327
MinimumVisualStudioVersion = 10.0.40219.1
Project("{8BC9CEB8-8B4A-11D0-8D11-00A0C91BC942}") = "MPGrid", "MPGrid.vcxproj", "{D7054A70-DD1A-485C-8F49-5072B6892CAA}"
EndProject
Global
	GlobalSection(SolutionConfigurationPlatforms) = preSolution
		Debug|Win32 = Debug|Win32
		Debug|x64 = Debug|x64
		Release|Win32 = Release|Win32
		Release|x64 = Release|x64
	EndGlobalSection
	GlobalSection(ProjectConfigurationPlatforms) = postSolution
		{D7054A70-DD1A-485C-8F49-5072B6892CAA}.Debug|Win32.ActiveCfg = Debug|Win32
		{D7054A70-DD1A-485C-8F49-5072B6892CAA}.Debug|Win32.Build.0 = Debug|Win32
		{D7054A70-DD1A-485C-8F49-5072B6892CAA}.Debug|x64.ActiveCfg = Debug|x64
		{D7054A70-DD1A-485C-8F49-5072B6892CAA}.Debug|x64.Build.0 = Debug|x64
		{D7054A70-DD1A-485C-8F49-5072B6892CAA}.Release|Win32.ActiveCfg = Release|Win32
		{D7054A70-DD1A-485C-8F49-5072B6892CAA}.Release|Win32.Build.0 = Release|Win32
		{D7054A70-DD1A-485C-8F49-5072B6892CAA}.Release|x64.ActiveCfg = Release|x64
		{D7054A70-DD1A-485C-8F49-5072B6892CAA}.Release|x64.Build.0 = Release|x64
	EndGlobalSection
	GlobalSection(SolutionProperties) = preSolution
		HideSolutionNode = FALSE
	EndGlobalSection
	GlobalSection(ExtensibilityGlobals) = postSolution
		SolutionGuid = {43E09E38-EF9D-4D74-A3EB-909C879B1F78}
	EndGlobalSection
EndGlobal
